
Microsoft Visual Studio Solution File, Format Version 12.00
# Visual Studio Version 17
VisualStudioVersion = 17.8.34322.80
MinimumVisualStudioVersion = 10.0.40219.1
Project("{FAE04EC0-301F-11D3-BF4B-00C04F79EFBC}") = "PatienthanteringEL", "PatienthanteringEL\PatienthanteringEL.csproj", "{939817BB-53B3-4C4F-9D77-88324E7859CD}"
EndProject
Global
	GlobalSection(SolutionConfigurationPlatforms) = preSolution
		Debug|Any CPU = Debug|Any CPU
		Release|Any CPU = Release|Any CPU
	EndGlobalSection
	GlobalSection(ProjectConfigurationPlatforms) = postSolution
		{939817BB-53B3-4C4F-9D77-88324E7859CD}.Debug|Any CPU.ActiveCfg = Debug|Any CPU
		{939817BB-53B3-4C4F-9D77-88324E7859CD}.Debug|Any CPU.Build.0 = Debug|Any CPU
		{939817BB-53B3-4C4F-9D77-88324E7859CD}.Release|Any CPU.ActiveCfg = Release|Any CPU
		{939817BB-53B3-4C4F-9D77-88324E7859CD}.Release|Any CPU.Build.0 = Release|Any CPU
	EndGlobalSection
	GlobalSection(SolutionProperties) = preSolution
		HideSolutionNode = FALSE
	EndGlobalSection
	GlobalSection(ExtensibilityGlobals) = postSolution
		SolutionGuid = {B682704E-60D9-4D7B-84F1-A1AB05030031}
	EndGlobalSection
EndGlobal
