
Microsoft Visual Studio Solution File, Format Version 12.00
# Visual Studio Version 17
VisualStudioVersion = 17.8.34322.80
MinimumVisualStudioVersion = 10.0.40219.1
Project("{FAE04EC0-301F-11D3-BF4B-00C04F79EFBC}") = "PatienthanteringPL", "PatienthanteringPL\PatienthanteringPL.csproj", "{DC20C793-D4E1-4FFE-9E31-F1A84FE05D01}"
EndProject
Project("{FAE04EC0-301F-11D3-BF4B-00C04F79EFBC}") = "SeedConsole", "SeedConsole\SeedConsole.csproj", "{FADA8C4B-762D-4A99-9E1A-3FE256321D25}"
EndProject
Project("{9A19103F-16F7-4668-BE54-9A1E7A4F7556}") = "PatientHanteringWPF.MVVM", "PatientHanteringWPFF\PatientHanteringWPF.MVVM.csproj", "{F7F6D17F-A74B-471E-960D-CAB5CBF9A35C}"
EndProject
Project("{FAE04EC0-301F-11D3-BF4B-00C04F79EFBC}") = "PatienthanteringELNy", "PatienthanteringELNy\PatienthanteringELNy.csproj", "{CD1BFE78-369F-4C52-8806-0E2467D6A6EE}"
EndProject
Project("{FAE04EC0-301F-11D3-BF4B-00C04F79EFBC}") = "PatienthanteringDLNy", "PatienthanteringDLNy\PatienthanteringDLNy.csproj", "{41EC1824-079D-458F-B242-ABF7EDA7E735}"
EndProject
Project("{FAE04EC0-301F-11D3-BF4B-00C04F79EFBC}") = "PatienthanteringALNy", "PatienthanteringALNy\PatienthanteringALNy.csproj", "{72343E3C-4674-4CC3-A416-60209AC4C64C}"
EndProject
Global
	GlobalSection(SolutionConfigurationPlatforms) = preSolution
		Debug|Any CPU = Debug|Any CPU
		Release|Any CPU = Release|Any CPU
	EndGlobalSection
	GlobalSection(ProjectConfigurationPlatforms) = postSolution
		{DC20C793-D4E1-4FFE-9E31-F1A84FE05D01}.Debug|Any CPU.ActiveCfg = Debug|Any CPU
		{DC20C793-D4E1-4FFE-9E31-F1A84FE05D01}.Debug|Any CPU.Build.0 = Debug|Any CPU
		{DC20C793-D4E1-4FFE-9E31-F1A84FE05D01}.Release|Any CPU.ActiveCfg = Release|Any CPU
		{DC20C793-D4E1-4FFE-9E31-F1A84FE05D01}.Release|Any CPU.Build.0 = Release|Any CPU
		{FADA8C4B-762D-4A99-9E1A-3FE256321D25}.Debug|Any CPU.ActiveCfg = Debug|Any CPU
		{FADA8C4B-762D-4A99-9E1A-3FE256321D25}.Debug|Any CPU.Build.0 = Debug|Any CPU
		{FADA8C4B-762D-4A99-9E1A-3FE256321D25}.Release|Any CPU.ActiveCfg = Release|Any CPU
		{FADA8C4B-762D-4A99-9E1A-3FE256321D25}.Release|Any CPU.Build.0 = Release|Any CPU
		{F7F6D17F-A74B-471E-960D-CAB5CBF9A35C}.Debug|Any CPU.ActiveCfg = Debug|Any CPU
		{F7F6D17F-A74B-471E-960D-CAB5CBF9A35C}.Debug|Any CPU.Build.0 = Debug|Any CPU
		{F7F6D17F-A74B-471E-960D-CAB5CBF9A35C}.Release|Any CPU.ActiveCfg = Release|Any CPU
		{F7F6D17F-A74B-471E-960D-CAB5CBF9A35C}.Release|Any CPU.Build.0 = Release|Any CPU
		{CD1BFE78-369F-4C52-8806-0E2467D6A6EE}.Debug|Any CPU.ActiveCfg = Debug|Any CPU
		{CD1BFE78-369F-4C52-8806-0E2467D6A6EE}.Debug|Any CPU.Build.0 = Debug|Any CPU
		{CD1BFE78-369F-4C52-8806-0E2467D6A6EE}.Release|Any CPU.ActiveCfg = Release|Any CPU
		{CD1BFE78-369F-4C52-8806-0E2467D6A6EE}.Release|Any CPU.Build.0 = Release|Any CPU
		{41EC1824-079D-458F-B242-ABF7EDA7E735}.Debug|Any CPU.ActiveCfg = Debug|Any CPU
		{41EC1824-079D-458F-B242-ABF7EDA7E735}.Debug|Any CPU.Build.0 = Debug|Any CPU
		{41EC1824-079D-458F-B242-ABF7EDA7E735}.Release|Any CPU.ActiveCfg = Release|Any CPU
		{41EC1824-079D-458F-B242-ABF7EDA7E735}.Release|Any CPU.Build.0 = Release|Any CPU
		{72343E3C-4674-4CC3-A416-60209AC4C64C}.Debug|Any CPU.ActiveCfg = Debug|Any CPU
		{72343E3C-4674-4CC3-A416-60209AC4C64C}.Debug|Any CPU.Build.0 = Debug|Any CPU
		{72343E3C-4674-4CC3-A416-60209AC4C64C}.Release|Any CPU.ActiveCfg = Release|Any CPU
		{72343E3C-4674-4CC3-A416-60209AC4C64C}.Release|Any CPU.Build.0 = Release|Any CPU
	EndGlobalSection
	GlobalSection(SolutionProperties) = preSolution
		HideSolutionNode = FALSE
	EndGlobalSection
	GlobalSection(ExtensibilityGlobals) = postSolution
		SolutionGuid = {B682704E-60D9-4D7B-84F1-A1AB05030031}
	EndGlobalSection
EndGlobal
